// !$*UTF8*$!
{
	archiveVersion = 1;
	classes = {
	};
	objectVersion = 51;
	objects = {

/* Begin PBXBuildFile section */
		B48A2376F41933598EE939B1 /* Pods_WeatherGift_WeatherGiftUITests.framework in Frameworks */ = {isa = PBXBuildFile; fileRef = 1F8209DE11968184CF646CD6 /* Pods_WeatherGift_WeatherGiftUITests.framework */; };
		BEAB5771244B58FC3486937F /* Pods_WeatherGift.framework in Frameworks */ = {isa = PBXBuildFile; fileRef = 59E505B71BBF553E1201DB2D /* Pods_WeatherGift.framework */; };
		DA43126A235D0F3700A7D507 /* WeatherLocation.swift in Sources */ = {isa = PBXBuildFile; fileRef = DA431269235D0F3700A7D507 /* WeatherLocation.swift */; };
		DA43126C235D380A00A7D507 /* Constants.swift in Sources */ = {isa = PBXBuildFile; fileRef = DA43126B235D380A00A7D507 /* Constants.swift */; };
		DA54A0A82352BE60006B04EA /* AppDelegate.swift in Sources */ = {isa = PBXBuildFile; fileRef = DA54A0A72352BE60006B04EA /* AppDelegate.swift */; };
		DA54A0AD2352BE60006B04EA /* Main.storyboard in Resources */ = {isa = PBXBuildFile; fileRef = DA54A0AB2352BE60006B04EA /* Main.storyboard */; };
		DA54A0AF2352BE61006B04EA /* Assets.xcassets in Resources */ = {isa = PBXBuildFile; fileRef = DA54A0AE2352BE61006B04EA /* Assets.xcassets */; };
		DA54A0B22352BE61006B04EA /* LaunchScreen.storyboard in Resources */ = {isa = PBXBuildFile; fileRef = DA54A0B02352BE61006B04EA /* LaunchScreen.storyboard */; };
		DA54A0BD2352BE61006B04EA /* WeatherGiftTests.swift in Sources */ = {isa = PBXBuildFile; fileRef = DA54A0BC2352BE61006B04EA /* WeatherGiftTests.swift */; };
		DA54A0C82352BE61006B04EA /* WeatherGiftUITests.swift in Sources */ = {isa = PBXBuildFile; fileRef = DA54A0C72352BE61006B04EA /* WeatherGiftUITests.swift */; };
		DA54A0D62352C0A1006B04EA /* DetailedVC.swift in Sources */ = {isa = PBXBuildFile; fileRef = DA54A0D52352C0A1006B04EA /* DetailedVC.swift */; };
		DA54A0D82352C5B1006B04EA /* ListVC.swift in Sources */ = {isa = PBXBuildFile; fileRef = DA54A0D72352C5B1006B04EA /* ListVC.swift */; };
		DA54A0DA2352C880006B04EA /* PageVC.swift in Sources */ = {isa = PBXBuildFile; fileRef = DA54A0D92352C880006B04EA /* PageVC.swift */; };
		DAC6F60623660D6A000B2A99 /* DayWeatherCell.swift in Sources */ = {isa = PBXBuildFile; fileRef = DAC6F60523660D6A000B2A99 /* DayWeatherCell.swift */; };
		DAC6F60823662B3A000B2A99 /* TimeInterval+format.swift in Sources */ = {isa = PBXBuildFile; fileRef = DAC6F60723662B3A000B2A99 /* TimeInterval+format.swift */; };
		E67D9AB4DB0437DC368404AC /* Pods_WeatherGiftTests.framework in Frameworks */ = {isa = PBXBuildFile; fileRef = 175A60E5BB29F24B12464CE4 /* Pods_WeatherGiftTests.framework */; };
/* End PBXBuildFile section */

/* Begin PBXContainerItemProxy section */
		DA54A0B92352BE61006B04EA /* PBXContainerItemProxy */ = {
			isa = PBXContainerItemProxy;
			containerPortal = DA54A09C2352BE60006B04EA /* Project object */;
			proxyType = 1;
			remoteGlobalIDString = DA54A0A32352BE60006B04EA;
			remoteInfo = WeatherGift;
		};
		DA54A0C42352BE61006B04EA /* PBXContainerItemProxy */ = {
			isa = PBXContainerItemProxy;
			containerPortal = DA54A09C2352BE60006B04EA /* Project object */;
			proxyType = 1;
			remoteGlobalIDString = DA54A0A32352BE60006B04EA;
			remoteInfo = WeatherGift;
		};
/* End PBXContainerItemProxy section */

/* Begin PBXFileReference section */
		175A60E5BB29F24B12464CE4 /* Pods_WeatherGiftTests.framework */ = {isa = PBXFileReference; explicitFileType = wrapper.framework; includeInIndex = 0; path = Pods_WeatherGiftTests.framework; sourceTree = BUILT_PRODUCTS_DIR; };
		1F8209DE11968184CF646CD6 /* Pods_WeatherGift_WeatherGiftUITests.framework */ = {isa = PBXFileReference; explicitFileType = wrapper.framework; includeInIndex = 0; path = Pods_WeatherGift_WeatherGiftUITests.framework; sourceTree = BUILT_PRODUCTS_DIR; };
		30E03A254B83C22C88452E32 /* Pods-WeatherGiftTests.release.xcconfig */ = {isa = PBXFileReference; includeInIndex = 1; lastKnownFileType = text.xcconfig; name = "Pods-WeatherGiftTests.release.xcconfig"; path = "Target Support Files/Pods-WeatherGiftTests/Pods-WeatherGiftTests.release.xcconfig"; sourceTree = "<group>"; };
		4C79E0603B84E771C2E5F33F /* Pods-WeatherGift.release.xcconfig */ = {isa = PBXFileReference; includeInIndex = 1; lastKnownFileType = text.xcconfig; name = "Pods-WeatherGift.release.xcconfig"; path = "Target Support Files/Pods-WeatherGift/Pods-WeatherGift.release.xcconfig"; sourceTree = "<group>"; };
		59E505B71BBF553E1201DB2D /* Pods_WeatherGift.framework */ = {isa = PBXFileReference; explicitFileType = wrapper.framework; includeInIndex = 0; path = Pods_WeatherGift.framework; sourceTree = BUILT_PRODUCTS_DIR; };
		60EFC8B2744C94C959F67637 /* Pods-WeatherGift-WeatherGiftUITests.debug.xcconfig */ = {isa = PBXFileReference; includeInIndex = 1; lastKnownFileType = text.xcconfig; name = "Pods-WeatherGift-WeatherGiftUITests.debug.xcconfig"; path = "Target Support Files/Pods-WeatherGift-WeatherGiftUITests/Pods-WeatherGift-WeatherGiftUITests.debug.xcconfig"; sourceTree = "<group>"; };
		B955E622B2A5CE8D52DA574C /* Pods-WeatherGift.debug.xcconfig */ = {isa = PBXFileReference; includeInIndex = 1; lastKnownFileType = text.xcconfig; name = "Pods-WeatherGift.debug.xcconfig"; path = "Target Support Files/Pods-WeatherGift/Pods-WeatherGift.debug.xcconfig"; sourceTree = "<group>"; };
		D596DBB86681DBEB4E6495E0 /* Pods-WeatherGiftTests.debug.xcconfig */ = {isa = PBXFileReference; includeInIndex = 1; lastKnownFileType = text.xcconfig; name = "Pods-WeatherGiftTests.debug.xcconfig"; path = "Target Support Files/Pods-WeatherGiftTests/Pods-WeatherGiftTests.debug.xcconfig"; sourceTree = "<group>"; };
		DA431269235D0F3700A7D507 /* WeatherLocation.swift */ = {isa = PBXFileReference; lastKnownFileType = sourcecode.swift; path = WeatherLocation.swift; sourceTree = "<group>"; };
		DA43126B235D380A00A7D507 /* Constants.swift */ = {isa = PBXFileReference; lastKnownFileType = sourcecode.swift; path = Constants.swift; sourceTree = "<group>"; };
		DA54A0A42352BE60006B04EA /* WeatherGift.app */ = {isa = PBXFileReference; explicitFileType = wrapper.application; includeInIndex = 0; path = WeatherGift.app; sourceTree = BUILT_PRODUCTS_DIR; };
		DA54A0A72352BE60006B04EA /* AppDelegate.swift */ = {isa = PBXFileReference; lastKnownFileType = sourcecode.swift; path = AppDelegate.swift; sourceTree = "<group>"; };
		DA54A0AC2352BE60006B04EA /* Base */ = {isa = PBXFileReference; lastKnownFileType = file.storyboard; name = Base; path = Base.lproj/Main.storyboard; sourceTree = "<group>"; };
		DA54A0AE2352BE61006B04EA /* Assets.xcassets */ = {isa = PBXFileReference; lastKnownFileType = folder.assetcatalog; path = Assets.xcassets; sourceTree = "<group>"; };
		DA54A0B12352BE61006B04EA /* Base */ = {isa = PBXFileReference; lastKnownFileType = file.storyboard; name = Base; path = Base.lproj/LaunchScreen.storyboard; sourceTree = "<group>"; };
		DA54A0B32352BE61006B04EA /* Info.plist */ = {isa = PBXFileReference; lastKnownFileType = text.plist.xml; path = Info.plist; sourceTree = "<group>"; };
		DA54A0B82352BE61006B04EA /* WeatherGiftTests.xctest */ = {isa = PBXFileReference; explicitFileType = wrapper.cfbundle; includeInIndex = 0; path = WeatherGiftTests.xctest; sourceTree = BUILT_PRODUCTS_DIR; };
		DA54A0BC2352BE61006B04EA /* WeatherGiftTests.swift */ = {isa = PBXFileReference; lastKnownFileType = sourcecode.swift; path = WeatherGiftTests.swift; sourceTree = "<group>"; };
		DA54A0BE2352BE61006B04EA /* Info.plist */ = {isa = PBXFileReference; lastKnownFileType = text.plist.xml; path = Info.plist; sourceTree = "<group>"; };
		DA54A0C32352BE61006B04EA /* WeatherGiftUITests.xctest */ = {isa = PBXFileReference; explicitFileType = wrapper.cfbundle; includeInIndex = 0; path = WeatherGiftUITests.xctest; sourceTree = BUILT_PRODUCTS_DIR; };
		DA54A0C72352BE61006B04EA /* WeatherGiftUITests.swift */ = {isa = PBXFileReference; lastKnownFileType = sourcecode.swift; path = WeatherGiftUITests.swift; sourceTree = "<group>"; };
		DA54A0C92352BE61006B04EA /* Info.plist */ = {isa = PBXFileReference; lastKnownFileType = text.plist.xml; path = Info.plist; sourceTree = "<group>"; };
		DA54A0D52352C0A1006B04EA /* DetailedVC.swift */ = {isa = PBXFileReference; lastKnownFileType = sourcecode.swift; path = DetailedVC.swift; sourceTree = "<group>"; };
		DA54A0D72352C5B1006B04EA /* ListVC.swift */ = {isa = PBXFileReference; lastKnownFileType = sourcecode.swift; path = ListVC.swift; sourceTree = "<group>"; };
		DA54A0D92352C880006B04EA /* PageVC.swift */ = {isa = PBXFileReference; lastKnownFileType = sourcecode.swift; path = PageVC.swift; sourceTree = "<group>"; };
		DAC6F60523660D6A000B2A99 /* DayWeatherCell.swift */ = {isa = PBXFileReference; lastKnownFileType = sourcecode.swift; path = DayWeatherCell.swift; sourceTree = "<group>"; };
		DAC6F60723662B3A000B2A99 /* TimeInterval+format.swift */ = {isa = PBXFileReference; lastKnownFileType = sourcecode.swift; path = "TimeInterval+format.swift"; sourceTree = "<group>"; };
		F9736B628DA0228D73FBB903 /* Pods-WeatherGift-WeatherGiftUITests.release.xcconfig */ = {isa = PBXFileReference; includeInIndex = 1; lastKnownFileType = text.xcconfig; name = "Pods-WeatherGift-WeatherGiftUITests.release.xcconfig"; path = "Target Support Files/Pods-WeatherGift-WeatherGiftUITests/Pods-WeatherGift-WeatherGiftUITests.release.xcconfig"; sourceTree = "<group>"; };
/* End PBXFileReference section */

/* Begin PBXFrameworksBuildPhase section */
		DA54A0A12352BE60006B04EA /* Frameworks */ = {
			isa = PBXFrameworksBuildPhase;
			buildActionMask = 2147483647;
			files = (
				BEAB5771244B58FC3486937F /* Pods_WeatherGift.framework in Frameworks */,
			);
			runOnlyForDeploymentPostprocessing = 0;
		};
		DA54A0B52352BE61006B04EA /* Frameworks */ = {
			isa = PBXFrameworksBuildPhase;
			buildActionMask = 2147483647;
			files = (
				E67D9AB4DB0437DC368404AC /* Pods_WeatherGiftTests.framework in Frameworks */,
			);
			runOnlyForDeploymentPostprocessing = 0;
		};
		DA54A0C02352BE61006B04EA /* Frameworks */ = {
			isa = PBXFrameworksBuildPhase;
			buildActionMask = 2147483647;
			files = (
				B48A2376F41933598EE939B1 /* Pods_WeatherGift_WeatherGiftUITests.framework in Frameworks */,
			);
			runOnlyForDeploymentPostprocessing = 0;
		};
/* End PBXFrameworksBuildPhase section */

/* Begin PBXGroup section */
		80450616CC5368937E827A1F /* Frameworks */ = {
			isa = PBXGroup;
			children = (
				59E505B71BBF553E1201DB2D /* Pods_WeatherGift.framework */,
				1F8209DE11968184CF646CD6 /* Pods_WeatherGift_WeatherGiftUITests.framework */,
				175A60E5BB29F24B12464CE4 /* Pods_WeatherGiftTests.framework */,
			);
			name = Frameworks;
			sourceTree = "<group>";
		};
		DA54A09B2352BE60006B04EA = {
			isa = PBXGroup;
			children = (
				DA54A0A62352BE60006B04EA /* WeatherGift */,
				DA54A0BB2352BE61006B04EA /* WeatherGiftTests */,
				DA54A0C62352BE61006B04EA /* WeatherGiftUITests */,
				DA54A0A52352BE60006B04EA /* Products */,
				E7034FC752AFB6F60403F7AF /* Pods */,
				80450616CC5368937E827A1F /* Frameworks */,
			);
			sourceTree = "<group>";
		};
		DA54A0A52352BE60006B04EA /* Products */ = {
			isa = PBXGroup;
			children = (
				DA54A0A42352BE60006B04EA /* WeatherGift.app */,
				DA54A0B82352BE61006B04EA /* WeatherGiftTests.xctest */,
				DA54A0C32352BE61006B04EA /* WeatherGiftUITests.xctest */,
			);
			name = Products;
			sourceTree = "<group>";
		};
		DA54A0A62352BE60006B04EA /* WeatherGift */ = {
			isa = PBXGroup;
			children = (
				DA54A0A72352BE60006B04EA /* AppDelegate.swift */,
				DA431269235D0F3700A7D507 /* WeatherLocation.swift */,
				DA43126B235D380A00A7D507 /* Constants.swift */,
				DA54A0D92352C880006B04EA /* PageVC.swift */,
				DA54A0D52352C0A1006B04EA /* DetailedVC.swift */,
				DAC6F60523660D6A000B2A99 /* DayWeatherCell.swift */,
				DAC6F60723662B3A000B2A99 /* TimeInterval+format.swift */,
				DA54A0D72352C5B1006B04EA /* ListVC.swift */,
				DA54A0AB2352BE60006B04EA /* Main.storyboard */,
				DA54A0AE2352BE61006B04EA /* Assets.xcassets */,
				DA54A0B02352BE61006B04EA /* LaunchScreen.storyboard */,
				DA54A0B32352BE61006B04EA /* Info.plist */,
			);
			path = WeatherGift;
			sourceTree = "<group>";
		};
		DA54A0BB2352BE61006B04EA /* WeatherGiftTests */ = {
			isa = PBXGroup;
			children = (
				DA54A0BC2352BE61006B04EA /* WeatherGiftTests.swift */,
				DA54A0BE2352BE61006B04EA /* Info.plist */,
			);
			path = WeatherGiftTests;
			sourceTree = "<group>";
		};
		DA54A0C62352BE61006B04EA /* WeatherGiftUITests */ = {
			isa = PBXGroup;
			children = (
				DA54A0C72352BE61006B04EA /* WeatherGiftUITests.swift */,
				DA54A0C92352BE61006B04EA /* Info.plist */,
			);
			path = WeatherGiftUITests;
			sourceTree = "<group>";
		};
		E7034FC752AFB6F60403F7AF /* Pods */ = {
			isa = PBXGroup;
			children = (
				B955E622B2A5CE8D52DA574C /* Pods-WeatherGift.debug.xcconfig */,
				4C79E0603B84E771C2E5F33F /* Pods-WeatherGift.release.xcconfig */,
				60EFC8B2744C94C959F67637 /* Pods-WeatherGift-WeatherGiftUITests.debug.xcconfig */,
				F9736B628DA0228D73FBB903 /* Pods-WeatherGift-WeatherGiftUITests.release.xcconfig */,
				D596DBB86681DBEB4E6495E0 /* Pods-WeatherGiftTests.debug.xcconfig */,
				30E03A254B83C22C88452E32 /* Pods-WeatherGiftTests.release.xcconfig */,
			);
			path = Pods;
			sourceTree = "<group>";
		};
/* End PBXGroup section */

/* Begin PBXNativeTarget section */
		DA54A0A32352BE60006B04EA /* WeatherGift */ = {
			isa = PBXNativeTarget;
			buildConfigurationList = DA54A0CC2352BE61006B04EA /* Build configuration list for PBXNativeTarget "WeatherGift" */;
			buildPhases = (
				057C6A724F42965D4FAD4F4D /* [CP] Check Pods Manifest.lock */,
				DA54A0A02352BE60006B04EA /* Sources */,
				DA54A0A12352BE60006B04EA /* Frameworks */,
				DA54A0A22352BE60006B04EA /* Resources */,
				5CABEDBE8A7566FF071DD8ED /* [CP] Embed Pods Frameworks */,
				9A8AF0755D98FAF9749C243E /* [CP] Copy Pods Resources */,
			);
			buildRules = (
			);
			dependencies = (
			);
			name = WeatherGift;
			productName = WeatherGift;
			productReference = DA54A0A42352BE60006B04EA /* WeatherGift.app */;
			productType = "com.apple.product-type.application";
		};
		DA54A0B72352BE61006B04EA /* WeatherGiftTests */ = {
			isa = PBXNativeTarget;
			buildConfigurationList = DA54A0CF2352BE61006B04EA /* Build configuration list for PBXNativeTarget "WeatherGiftTests" */;
			buildPhases = (
				7651BDB9A9343BE400204DE4 /* [CP] Check Pods Manifest.lock */,
				DA54A0B42352BE61006B04EA /* Sources */,
				DA54A0B52352BE61006B04EA /* Frameworks */,
				DA54A0B62352BE61006B04EA /* Resources */,
			);
			buildRules = (
			);
			dependencies = (
				DA54A0BA2352BE61006B04EA /* PBXTargetDependency */,
			);
			name = WeatherGiftTests;
			productName = WeatherGiftTests;
			productReference = DA54A0B82352BE61006B04EA /* WeatherGiftTests.xctest */;
			productType = "com.apple.product-type.bundle.unit-test";
		};
		DA54A0C22352BE61006B04EA /* WeatherGiftUITests */ = {
			isa = PBXNativeTarget;
			buildConfigurationList = DA54A0D22352BE61006B04EA /* Build configuration list for PBXNativeTarget "WeatherGiftUITests" */;
			buildPhases = (
				F783B84055299ED7B9EC2A84 /* [CP] Check Pods Manifest.lock */,
				DA54A0BF2352BE61006B04EA /* Sources */,
				DA54A0C02352BE61006B04EA /* Frameworks */,
				DA54A0C12352BE61006B04EA /* Resources */,
				558E272E90907B62DF7F458A /* [CP] Embed Pods Frameworks */,
				DEE39C7BFCCBDD2919A63268 /* [CP] Copy Pods Resources */,
			);
			buildRules = (
			);
			dependencies = (
				DA54A0C52352BE61006B04EA /* PBXTargetDependency */,
			);
			name = WeatherGiftUITests;
			productName = WeatherGiftUITests;
			productReference = DA54A0C32352BE61006B04EA /* WeatherGiftUITests.xctest */;
			productType = "com.apple.product-type.bundle.ui-testing";
		};
/* End PBXNativeTarget section */

/* Begin PBXProject section */
		DA54A09C2352BE60006B04EA /* Project object */ = {
			isa = PBXProject;
			attributes = {
				LastSwiftUpdateCheck = 1030;
				LastUpgradeCheck = 1030;
				ORGANIZATIONNAME = "Yinzhe Ma";
				TargetAttributes = {
					DA54A0A32352BE60006B04EA = {
						CreatedOnToolsVersion = 10.3;
					};
					DA54A0B72352BE61006B04EA = {
						CreatedOnToolsVersion = 10.3;
						TestTargetID = DA54A0A32352BE60006B04EA;
					};
					DA54A0C22352BE61006B04EA = {
						CreatedOnToolsVersion = 10.3;
						TestTargetID = DA54A0A32352BE60006B04EA;
					};
				};
			};
			buildConfigurationList = DA54A09F2352BE60006B04EA /* Build configuration list for PBXProject "WeatherGift" */;
			compatibilityVersion = "Xcode 9.3";
			developmentRegion = en;
			hasScannedForEncodings = 0;
			knownRegions = (
				en,
				Base,
			);
			mainGroup = DA54A09B2352BE60006B04EA;
			productRefGroup = DA54A0A52352BE60006B04EA /* Products */;
			projectDirPath = "";
			projectRoot = "";
			targets = (
				DA54A0A32352BE60006B04EA /* WeatherGift */,
				DA54A0B72352BE61006B04EA /* WeatherGiftTests */,
				DA54A0C22352BE61006B04EA /* WeatherGiftUITests */,
			);
		};
/* End PBXProject section */

/* Begin PBXResourcesBuildPhase section */
		DA54A0A22352BE60006B04EA /* Resources */ = {
			isa = PBXResourcesBuildPhase;
			buildActionMask = 2147483647;
			files = (
				DA54A0B22352BE61006B04EA /* LaunchScreen.storyboard in Resources */,
				DA54A0AF2352BE61006B04EA /* Assets.xcassets in Resources */,
				DA54A0AD2352BE60006B04EA /* Main.storyboard in Resources */,
			);
			runOnlyForDeploymentPostprocessing = 0;
		};
		DA54A0B62352BE61006B04EA /* Resources */ = {
			isa = PBXResourcesBuildPhase;
			buildActionMask = 2147483647;
			files = (
			);
			runOnlyForDeploymentPostprocessing = 0;
		};
		DA54A0C12352BE61006B04EA /* Resources */ = {
			isa = PBXResourcesBuildPhase;
			buildActionMask = 2147483647;
			files = (
			);
			runOnlyForDeploymentPostprocessing = 0;
		};
/* End PBXResourcesBuildPhase section */

/* Begin PBXShellScriptBuildPhase section */
		057C6A724F42965D4FAD4F4D /* [CP] Check Pods Manifest.lock */ = {
			isa = PBXShellScriptBuildPhase;
			buildActionMask = 2147483647;
			files = (
			);
			inputFileListPaths = (
			);
			inputPaths = (
				"${PODS_PODFILE_DIR_PATH}/Podfile.lock",
				"${PODS_ROOT}/Manifest.lock",
			);
			name = "[CP] Check Pods Manifest.lock";
			outputFileListPaths = (
			);
			outputPaths = (
				"$(DERIVED_FILE_DIR)/Pods-WeatherGift-checkManifestLockResult.txt",
			);
			runOnlyForDeploymentPostprocessing = 0;
			shellPath = /bin/sh;
			shellScript = "diff \"${PODS_PODFILE_DIR_PATH}/Podfile.lock\" \"${PODS_ROOT}/Manifest.lock\" > /dev/null\nif [ $? != 0 ] ; then\n    # print error to STDERR\n    echo \"error: The sandbox is not in sync with the Podfile.lock. Run 'pod install' or update your CocoaPods installation.\" >&2\n    exit 1\nfi\n# This output is used by Xcode 'outputs' to avoid re-running this script phase.\necho \"SUCCESS\" > \"${SCRIPT_OUTPUT_FILE_0}\"\n";
			showEnvVarsInLog = 0;
		};
		558E272E90907B62DF7F458A /* [CP] Embed Pods Frameworks */ = {
			isa = PBXShellScriptBuildPhase;
			buildActionMask = 2147483647;
			files = (
			);
			inputFileListPaths = (
				"${PODS_ROOT}/Target Support Files/Pods-WeatherGift-WeatherGiftUITests/Pods-WeatherGift-WeatherGiftUITests-frameworks-${CONFIGURATION}-input-files.xcfilelist",
			);
			name = "[CP] Embed Pods Frameworks";
			outputFileListPaths = (
				"${PODS_ROOT}/Target Support Files/Pods-WeatherGift-WeatherGiftUITests/Pods-WeatherGift-WeatherGiftUITests-frameworks-${CONFIGURATION}-output-files.xcfilelist",
			);
			runOnlyForDeploymentPostprocessing = 0;
			shellPath = /bin/sh;
			shellScript = "\"${PODS_ROOT}/Target Support Files/Pods-WeatherGift-WeatherGiftUITests/Pods-WeatherGift-WeatherGiftUITests-frameworks.sh\"\n";
			showEnvVarsInLog = 0;
		};
		5CABEDBE8A7566FF071DD8ED /* [CP] Embed Pods Frameworks */ = {
			isa = PBXShellScriptBuildPhase;
			buildActionMask = 2147483647;
			files = (
			);
			inputFileListPaths = (
				"${PODS_ROOT}/Target Support Files/Pods-WeatherGift/Pods-WeatherGift-frameworks-${CONFIGURATION}-input-files.xcfilelist",
			);
			name = "[CP] Embed Pods Frameworks";
			outputFileListPaths = (
				"${PODS_ROOT}/Target Support Files/Pods-WeatherGift/Pods-WeatherGift-frameworks-${CONFIGURATION}-output-files.xcfilelist",
			);
			runOnlyForDeploymentPostprocessing = 0;
			shellPath = /bin/sh;
			shellScript = "\"${PODS_ROOT}/Target Support Files/Pods-WeatherGift/Pods-WeatherGift-frameworks.sh\"\n";
			showEnvVarsInLog = 0;
		};
		7651BDB9A9343BE400204DE4 /* [CP] Check Pods Manifest.lock */ = {
			isa = PBXShellScriptBuildPhase;
			buildActionMask = 2147483647;
			files = (
			);
			inputFileListPaths = (
			);
			inputPaths = (
				"${PODS_PODFILE_DIR_PATH}/Podfile.lock",
				"${PODS_ROOT}/Manifest.lock",
			);
			name = "[CP] Check Pods Manifest.lock";
			outputFileListPaths = (
			);
			outputPaths = (
				"$(DERIVED_FILE_DIR)/Pods-WeatherGiftTests-checkManifestLockResult.txt",
			);
			runOnlyForDeploymentPostprocessing = 0;
			shellPath = /bin/sh;
			shellScript = "diff \"${PODS_PODFILE_DIR_PATH}/Podfile.lock\" \"${PODS_ROOT}/Manifest.lock\" > /dev/null\nif [ $? != 0 ] ; then\n    # print error to STDERR\n    echo \"error: The sandbox is not in sync with the Podfile.lock. Run 'pod install' or update your CocoaPods installation.\" >&2\n    exit 1\nfi\n# This output is used by Xcode 'outputs' to avoid re-running this script phase.\necho \"SUCCESS\" > \"${SCRIPT_OUTPUT_FILE_0}\"\n";
			showEnvVarsInLog = 0;
		};
		9A8AF0755D98FAF9749C243E /* [CP] Copy Pods Resources */ = {
			isa = PBXShellScriptBuildPhase;
			buildActionMask = 2147483647;
			files = (
			);
			inputFileListPaths = (
				"${PODS_ROOT}/Target Support Files/Pods-WeatherGift/Pods-WeatherGift-resources-${CONFIGURATION}-input-files.xcfilelist",
			);
			name = "[CP] Copy Pods Resources";
			outputFileListPaths = (
				"${PODS_ROOT}/Target Support Files/Pods-WeatherGift/Pods-WeatherGift-resources-${CONFIGURATION}-output-files.xcfilelist",
			);
			runOnlyForDeploymentPostprocessing = 0;
			shellPath = /bin/sh;
			shellScript = "\"${PODS_ROOT}/Target Support Files/Pods-WeatherGift/Pods-WeatherGift-resources.sh\"\n";
			showEnvVarsInLog = 0;
		};
		DEE39C7BFCCBDD2919A63268 /* [CP] Copy Pods Resources */ = {
			isa = PBXShellScriptBuildPhase;
			buildActionMask = 2147483647;
			files = (
			);
			inputFileListPaths = (
				"${PODS_ROOT}/Target Support Files/Pods-WeatherGift-WeatherGiftUITests/Pods-WeatherGift-WeatherGiftUITests-resources-${CONFIGURATION}-input-files.xcfilelist",
			);
			name = "[CP] Copy Pods Resources";
			outputFileListPaths = (
				"${PODS_ROOT}/Target Support Files/Pods-WeatherGift-WeatherGiftUITests/Pods-WeatherGift-WeatherGiftUITests-resources-${CONFIGURATION}-output-files.xcfilelist",
			);
			runOnlyForDeploymentPostprocessing = 0;
			shellPath = /bin/sh;
			shellScript = "\"${PODS_ROOT}/Target Support Files/Pods-WeatherGift-WeatherGiftUITests/Pods-WeatherGift-WeatherGiftUITests-resources.sh\"\n";
			showEnvVarsInLog = 0;
		};
		F783B84055299ED7B9EC2A84 /* [CP] Check Pods Manifest.lock */ = {
			isa = PBXShellScriptBuildPhase;
			buildActionMask = 2147483647;
			files = (
			);
			inputFileListPaths = (
			);
			inputPaths = (
				"${PODS_PODFILE_DIR_PATH}/Podfile.lock",
				"${PODS_ROOT}/Manifest.lock",
			);
			name = "[CP] Check Pods Manifest.lock";
			outputFileListPaths = (
			);
			outputPaths = (
				"$(DERIVED_FILE_DIR)/Pods-WeatherGift-WeatherGiftUITests-checkManifestLockResult.txt",
			);
			runOnlyForDeploymentPostprocessing = 0;
			shellPath = /bin/sh;
			shellScript = "diff \"${PODS_PODFILE_DIR_PATH}/Podfile.lock\" \"${PODS_ROOT}/Manifest.lock\" > /dev/null\nif [ $? != 0 ] ; then\n    # print error to STDERR\n    echo \"error: The sandbox is not in sync with the Podfile.lock. Run 'pod install' or update your CocoaPods installation.\" >&2\n    exit 1\nfi\n# This output is used by Xcode 'outputs' to avoid re-running this script phase.\necho \"SUCCESS\" > \"${SCRIPT_OUTPUT_FILE_0}\"\n";
			showEnvVarsInLog = 0;
		};
/* End PBXShellScriptBuildPhase section */

/* Begin PBXSourcesBuildPhase section */
		DA54A0A02352BE60006B04EA /* Sources */ = {
			isa = PBXSourcesBuildPhase;
			buildActionMask = 2147483647;
			files = (
				DAC6F60623660D6A000B2A99 /* DayWeatherCell.swift in Sources */,
				DA43126A235D0F3700A7D507 /* WeatherLocation.swift in Sources */,
				DA54A0D82352C5B1006B04EA /* ListVC.swift in Sources */,
				DA54A0DA2352C880006B04EA /* PageVC.swift in Sources */,
				DAC6F60823662B3A000B2A99 /* TimeInterval+format.swift in Sources */,
				DA54A0D62352C0A1006B04EA /* DetailedVC.swift in Sources */,
				DA54A0A82352BE60006B04EA /* AppDelegate.swift in Sources */,
				DA43126C235D380A00A7D507 /* Constants.swift in Sources */,
			);
			runOnlyForDeploymentPostprocessing = 0;
		};
		DA54A0B42352BE61006B04EA /* Sources */ = {
			isa = PBXSourcesBuildPhase;
			buildActionMask = 2147483647;
			files = (
				DA54A0BD2352BE61006B04EA /* WeatherGiftTests.swift in Sources */,
			);
			runOnlyForDeploymentPostprocessing = 0;
		};
		DA54A0BF2352BE61006B04EA /* Sources */ = {
			isa = PBXSourcesBuildPhase;
			buildActionMask = 2147483647;
			files = (
				DA54A0C82352BE61006B04EA /* WeatherGiftUITests.swift in Sources */,
			);
			runOnlyForDeploymentPostprocessing = 0;
		};
/* End PBXSourcesBuildPhase section */

/* Begin PBXTargetDependency section */
		DA54A0BA2352BE61006B04EA /* PBXTargetDependency */ = {
			isa = PBXTargetDependency;
			target = DA54A0A32352BE60006B04EA /* WeatherGift */;
			targetProxy = DA54A0B92352BE61006B04EA /* PBXContainerItemProxy */;
		};
		DA54A0C52352BE61006B04EA /* PBXTargetDependency */ = {
			isa = PBXTargetDependency;
			target = DA54A0A32352BE60006B04EA /* WeatherGift */;
			targetProxy = DA54A0C42352BE61006B04EA /* PBXContainerItemProxy */;
		};
/* End PBXTargetDependency section */

/* Begin PBXVariantGroup section */
		DA54A0AB2352BE60006B04EA /* Main.storyboard */ = {
			isa = PBXVariantGroup;
			children = (
				DA54A0AC2352BE60006B04EA /* Base */,
			);
			name = Main.storyboard;
			sourceTree = "<group>";
		};
		DA54A0B02352BE61006B04EA /* LaunchScreen.storyboard */ = {
			isa = PBXVariantGroup;
			children = (
				DA54A0B12352BE61006B04EA /* Base */,
			);
			name = LaunchScreen.storyboard;
			sourceTree = "<group>";
		};
/* End PBXVariantGroup section */

/* Begin XCBuildConfiguration section */
		DA54A0CA2352BE61006B04EA /* Debug */ = {
			isa = XCBuildConfiguration;
			buildSettings = {
				ALWAYS_SEARCH_USER_PATHS = NO;
				CLANG_ANALYZER_NONNULL = YES;
				CLANG_ANALYZER_NUMBER_OBJECT_CONVERSION = YES_AGGRESSIVE;
				CLANG_CXX_LANGUAGE_STANDARD = "gnu++14";
				CLANG_CXX_LIBRARY = "libc++";
				CLANG_ENABLE_MODULES = YES;
				CLANG_ENABLE_OBJC_ARC = YES;
				CLANG_ENABLE_OBJC_WEAK = YES;
				CLANG_WARN_BLOCK_CAPTURE_AUTORELEASING = YES;
				CLANG_WARN_BOOL_CONVERSION = YES;
				CLANG_WARN_COMMA = YES;
				CLANG_WARN_CONSTANT_CONVERSION = YES;
				CLANG_WARN_DEPRECATED_OBJC_IMPLEMENTATIONS = YES;
				CLANG_WARN_DIRECT_OBJC_ISA_USAGE = YES_ERROR;
				CLANG_WARN_DOCUMENTATION_COMMENTS = YES;
				CLANG_WARN_EMPTY_BODY = YES;
				CLANG_WARN_ENUM_CONVERSION = YES;
				CLANG_WARN_INFINITE_RECURSION = YES;
				CLANG_WARN_INT_CONVERSION = YES;
				CLANG_WARN_NON_LITERAL_NULL_CONVERSION = YES;
				CLANG_WARN_OBJC_IMPLICIT_RETAIN_SELF = YES;
				CLANG_WARN_OBJC_LITERAL_CONVERSION = YES;
				CLANG_WARN_OBJC_ROOT_CLASS = YES_ERROR;
				CLANG_WARN_RANGE_LOOP_ANALYSIS = YES;
				CLANG_WARN_STRICT_PROTOTYPES = YES;
				CLANG_WARN_SUSPICIOUS_MOVE = YES;
				CLANG_WARN_UNGUARDED_AVAILABILITY = YES_AGGRESSIVE;
				CLANG_WARN_UNREACHABLE_CODE = YES;
				CLANG_WARN__DUPLICATE_METHOD_MATCH = YES;
				CODE_SIGN_IDENTITY = "iPhone Developer";
				COPY_PHASE_STRIP = NO;
				DEBUG_INFORMATION_FORMAT = dwarf;
				ENABLE_STRICT_OBJC_MSGSEND = YES;
				ENABLE_TESTABILITY = YES;
				GCC_C_LANGUAGE_STANDARD = gnu11;
				GCC_DYNAMIC_NO_PIC = NO;
				GCC_NO_COMMON_BLOCKS = YES;
				GCC_OPTIMIZATION_LEVEL = 0;
				GCC_PREPROCESSOR_DEFINITIONS = (
					"DEBUG=1",
					"$(inherited)",
				);
				GCC_WARN_64_TO_32_BIT_CONVERSION = YES;
				GCC_WARN_ABOUT_RETURN_TYPE = YES_ERROR;
				GCC_WARN_UNDECLARED_SELECTOR = YES;
				GCC_WARN_UNINITIALIZED_AUTOS = YES_AGGRESSIVE;
				GCC_WARN_UNUSED_FUNCTION = YES;
				GCC_WARN_UNUSED_VARIABLE = YES;
				IPHONEOS_DEPLOYMENT_TARGET = 12.4;
				MTL_ENABLE_DEBUG_INFO = INCLUDE_SOURCE;
				MTL_FAST_MATH = YES;
				ONLY_ACTIVE_ARCH = YES;
				SDKROOT = iphoneos;
				SWIFT_ACTIVE_COMPILATION_CONDITIONS = DEBUG;
				SWIFT_OPTIMIZATION_LEVEL = "-Onone";
			};
			name = Debug;
		};
		DA54A0CB2352BE61006B04EA /* Release */ = {
			isa = XCBuildConfiguration;
			buildSettings = {
				ALWAYS_SEARCH_USER_PATHS = NO;
				CLANG_ANALYZER_NONNULL = YES;
				CLANG_ANALYZER_NUMBER_OBJECT_CONVERSION = YES_AGGRESSIVE;
				CLANG_CXX_LANGUAGE_STANDARD = "gnu++14";
				CLANG_CXX_LIBRARY = "libc++";
				CLANG_ENABLE_MODULES = YES;
				CLANG_ENABLE_OBJC_ARC = YES;
				CLANG_ENABLE_OBJC_WEAK = YES;
				CLANG_WARN_BLOCK_CAPTURE_AUTORELEASING = YES;
				CLANG_WARN_BOOL_CONVERSION = YES;
				CLANG_WARN_COMMA = YES;
				CLANG_WARN_CONSTANT_CONVERSION = YES;
				CLANG_WARN_DEPRECATED_OBJC_IMPLEMENTATIONS = YES;
				CLANG_WARN_DIRECT_OBJC_ISA_USAGE = YES_ERROR;
				CLANG_WARN_DOCUMENTATION_COMMENTS = YES;
				CLANG_WARN_EMPTY_BODY = YES;
				CLANG_WARN_ENUM_CONVERSION = YES;
				CLANG_WARN_INFINITE_RECURSION = YES;
				CLANG_WARN_INT_CONVERSION = YES;
				CLANG_WARN_NON_LITERAL_NULL_CONVERSION = YES;
				CLANG_WARN_OBJC_IMPLICIT_RETAIN_SELF = YES;
				CLANG_WARN_OBJC_LITERAL_CONVERSION = YES;
				CLANG_WARN_OBJC_ROOT_CLASS = YES_ERROR;
				CLANG_WARN_RANGE_LOOP_ANALYSIS = YES;
				CLANG_WARN_STRICT_PROTOTYPES = YES;
				CLANG_WARN_SUSPICIOUS_MOVE = YES;
				CLANG_WARN_UNGUARDED_AVAILABILITY = YES_AGGRESSIVE;
				CLANG_WARN_UNREACHABLE_CODE = YES;
				CLANG_WARN__DUPLICATE_METHOD_MATCH = YES;
				CODE_SIGN_IDENTITY = "iPhone Developer";
				COPY_PHASE_STRIP = NO;
				DEBUG_INFORMATION_FORMAT = "dwarf-with-dsym";
				ENABLE_NS_ASSERTIONS = NO;
				ENABLE_STRICT_OBJC_MSGSEND = YES;
				GCC_C_LANGUAGE_STANDARD = gnu11;
				GCC_NO_COMMON_BLOCKS = YES;
				GCC_WARN_64_TO_32_BIT_CONVERSION = YES;
				GCC_WARN_ABOUT_RETURN_TYPE = YES_ERROR;
				GCC_WARN_UNDECLARED_SELECTOR = YES;
				GCC_WARN_UNINITIALIZED_AUTOS = YES_AGGRESSIVE;
				GCC_WARN_UNUSED_FUNCTION = YES;
				GCC_WARN_UNUSED_VARIABLE = YES;
				IPHONEOS_DEPLOYMENT_TARGET = 12.4;
				MTL_ENABLE_DEBUG_INFO = NO;
				MTL_FAST_MATH = YES;
				SDKROOT = iphoneos;
				SWIFT_COMPILATION_MODE = wholemodule;
				SWIFT_OPTIMIZATION_LEVEL = "-O";
				VALIDATE_PRODUCT = YES;
			};
			name = Release;
		};
		DA54A0CD2352BE61006B04EA /* Debug */ = {
			isa = XCBuildConfiguration;
			baseConfigurationReference = B955E622B2A5CE8D52DA574C /* Pods-WeatherGift.debug.xcconfig */;
			buildSettings = {
				ASSETCATALOG_COMPILER_APPICON_NAME = AppIcon;
				CODE_SIGN_STYLE = Automatic;
				DEVELOPMENT_TEAM = NPLWZ8759G;
				INFOPLIST_FILE = WeatherGift/Info.plist;
				LD_RUNPATH_SEARCH_PATHS = (
					"$(inherited)",
					"@executable_path/Frameworks",
				);
				PRODUCT_BUNDLE_IDENTIFIER = com.yinzhema.WeatherGift;
				PRODUCT_NAME = "$(TARGET_NAME)";
				SWIFT_VERSION = 5.0;
				TARGETED_DEVICE_FAMILY = "1,2";
			};
			name = Debug;
		};
		DA54A0CE2352BE61006B04EA /* Release */ = {
			isa = XCBuildConfiguration;
			baseConfigurationReference = 4C79E0603B84E771C2E5F33F /* Pods-WeatherGift.release.xcconfig */;
			buildSettings = {
				ASSETCATALOG_COMPILER_APPICON_NAME = AppIcon;
				CODE_SIGN_STYLE = Automatic;
				DEVELOPMENT_TEAM = NPLWZ8759G;
				INFOPLIST_FILE = WeatherGift/Info.plist;
				LD_RUNPATH_SEARCH_PATHS = (
					"$(inherited)",
					"@executable_path/Frameworks",
				);
				PRODUCT_BUNDLE_IDENTIFIER = com.yinzhema.WeatherGift;
				PRODUCT_NAME = "$(TARGET_NAME)";
				SWIFT_VERSION = 5.0;
				TARGETED_DEVICE_FAMILY = "1,2";
			};
			name = Release;
		};
		DA54A0D02352BE61006B04EA /* Debug */ = {
			isa = XCBuildConfiguration;
			baseConfigurationReference = D596DBB86681DBEB4E6495E0 /* Pods-WeatherGiftTests.debug.xcconfig */;
			buildSettings = {
				ALWAYS_EMBED_SWIFT_STANDARD_LIBRARIES = YES;
				BUNDLE_LOADER = "$(TEST_HOST)";
				CODE_SIGN_STYLE = Automatic;
				DEVELOPMENT_TEAM = NPLWZ8759G;
				INFOPLIST_FILE = WeatherGiftTests/Info.plist;
				LD_RUNPATH_SEARCH_PATHS = (
					"$(inherited)",
					"@executable_path/Frameworks",
					"@loader_path/Frameworks",
				);
				PRODUCT_BUNDLE_IDENTIFIER = com.yinzhema.WeatherGiftTests;
				PRODUCT_NAME = "$(TARGET_NAME)";
				SWIFT_VERSION = 5.0;
				TARGETED_DEVICE_FAMILY = "1,2";
				TEST_HOST = "$(BUILT_PRODUCTS_DIR)/WeatherGift.app/WeatherGift";
			};
			name = Debug;
		};
		DA54A0D12352BE61006B04EA /* Release */ = {
			isa = XCBuildConfiguration;
			baseConfigurationReference = 30E03A254B83C22C88452E32 /* Pods-WeatherGiftTests.release.xcconfig */;
			buildSettings = {
				ALWAYS_EMBED_SWIFT_STANDARD_LIBRARIES = YES;
				BUNDLE_LOADER = "$(TEST_HOST)";
				CODE_SIGN_STYLE = Automatic;
				DEVELOPMENT_TEAM = NPLWZ8759G;
				INFOPLIST_FILE = WeatherGiftTests/Info.plist;
				LD_RUNPATH_SEARCH_PATHS = (
					"$(inherited)",
					"@executable_path/Frameworks",
					"@loader_path/Frameworks",
				);
				PRODUCT_BUNDLE_IDENTIFIER = com.yinzhema.WeatherGiftTests;
				PRODUCT_NAME = "$(TARGET_NAME)";
				SWIFT_VERSION = 5.0;
				TARGETED_DEVICE_FAMILY = "1,2";
				TEST_HOST = "$(BUILT_PRODUCTS_DIR)/WeatherGift.app/WeatherGift";
			};
			name = Release;
		};
		DA54A0D32352BE61006B04EA /* Debug */ = {
			isa = XCBuildConfiguration;
			baseConfigurationReference = 60EFC8B2744C94C959F67637 /* Pods-WeatherGift-WeatherGiftUITests.debug.xcconfig */;
			buildSettings = {
				ALWAYS_EMBED_SWIFT_STANDARD_LIBRARIES = YES;
				CODE_SIGN_STYLE = Automatic;
				DEVELOPMENT_TEAM = NPLWZ8759G;
				INFOPLIST_FILE = WeatherGiftUITests/Info.plist;
				LD_RUNPATH_SEARCH_PATHS = (
					"$(inherited)",
					"@executable_path/Frameworks",
					"@loader_path/Frameworks",
				);
				PRODUCT_BUNDLE_IDENTIFIER = com.yinzhema.WeatherGiftUITests;
				PRODUCT_NAME = "$(TARGET_NAME)";
				SWIFT_VERSION = 5.0;
				TARGETED_DEVICE_FAMILY = "1,2";
				TEST_TARGET_NAME = WeatherGift;
			};
			name = Debug;
		};
		DA54A0D42352BE61006B04EA /* Release */ = {
			isa = XCBuildConfiguration;
			baseConfigurationReference = F9736B628DA0228D73FBB903 /* Pods-WeatherGift-WeatherGiftUITests.release.xcconfig */;
			buildSettings = {
				ALWAYS_EMBED_SWIFT_STANDARD_LIBRARIES = YES;
				CODE_SIGN_STYLE = Automatic;
				DEVELOPMENT_TEAM = NPLWZ8759G;
				INFOPLIST_FILE = WeatherGiftUITests/Info.plist;
				LD_RUNPATH_SEARCH_PATHS = (
					"$(inherited)",
					"@executable_path/Frameworks",
					"@loader_path/Frameworks",
				);
				PRODUCT_BUNDLE_IDENTIFIER = com.yinzhema.WeatherGiftUITests;
				PRODUCT_NAME = "$(TARGET_NAME)";
				SWIFT_VERSION = 5.0;
				TARGETED_DEVICE_FAMILY = "1,2";
				TEST_TARGET_NAME = WeatherGift;
			};
			name = Release;
		};
/* End XCBuildConfiguration section */

/* Begin XCConfigurationList section */
		DA54A09F2352BE60006B04EA /* Build configuration list for PBXProject "WeatherGift" */ = {
			isa = XCConfigurationList;
			buildConfigurations = (
				DA54A0CA2352BE61006B04EA /* Debug */,
				DA54A0CB2352BE61006B04EA /* Release */,
			);
			defaultConfigurationIsVisible = 0;
			defaultConfigurationName = Release;
		};
		DA54A0CC2352BE61006B04EA /* Build configuration list for PBXNativeTarget "WeatherGift" */ = {
			isa = XCConfigurationList;
			buildConfigurations = (
				DA54A0CD2352BE61006B04EA /* Debug */,
				DA54A0CE2352BE61006B04EA /* Release */,
			);
			defaultConfigurationIsVisible = 0;
			defaultConfigurationName = Release;
		};
		DA54A0CF2352BE61006B04EA /* Build configuration list for PBXNativeTarget "WeatherGiftTests" */ = {
			isa = XCConfigurationList;
			buildConfigurations = (
				DA54A0D02352BE61006B04EA /* Debug */,
				DA54A0D12352BE61006B04EA /* Release */,
			);
			defaultConfigurationIsVisible = 0;
			defaultConfigurationName = Release;
		};
		DA54A0D22352BE61006B04EA /* Build configuration list for PBXNativeTarget "WeatherGiftUITests" */ = {
			isa = XCConfigurationList;
			buildConfigurations = (
				DA54A0D32352BE61006B04EA /* Debug */,
				DA54A0D42352BE61006B04EA /* Release */,
			);
			defaultConfigurationIsVisible = 0;
			defaultConfigurationName = Release;
		};
/* End XCConfigurationList section */
	};
	rootObject = DA54A09C2352BE60006B04EA /* Project object */;
}
